
Microsoft Visual Studio Solution File, Format Version 12.00
# Visual Studio Version 17
VisualStudioVersion = 17.4.33213.308
MinimumVisualStudioVersion = 10.0.40219.1
Project("{FAE04EC0-301F-11D3-BF4B-00C04F79EFBC}") = "Task1", "Lab7\Task1.csproj", "{B55095B2-1FA3-4826-8A69-7AE3EF5F7E99}"
EndProject
Global
	GlobalSection(SolutionConfigurationPlatforms) = preSolution
		Debug|Any CPU = Debug|Any CPU
		Release|Any CPU = Release|Any CPU
	EndGlobalSection
	GlobalSection(ProjectConfigurationPlatforms) = postSolution
		{B55095B2-1FA3-4826-8A69-7AE3EF5F7E99}.Debug|Any CPU.ActiveCfg = Debug|Any CPU
		{B55095B2-1FA3-4826-8A69-7AE3EF5F7E99}.Debug|Any CPU.Build.0 = Debug|Any CPU
		{B55095B2-1FA3-4826-8A69-7AE3EF5F7E99}.Release|Any CPU.ActiveCfg = Release|Any CPU
		{B55095B2-1FA3-4826-8A69-7AE3EF5F7E99}.Release|Any CPU.Build.0 = Release|Any CPU
	EndGlobalSection
	GlobalSection(SolutionProperties) = preSolution
		HideSolutionNode = FALSE
	EndGlobalSection
	GlobalSection(ExtensibilityGlobals) = postSolution
		SolutionGuid = {CB110C56-0D72-4C98-989B-D0B06B7BC395}
	EndGlobalSection
EndGlobal
